{
  "originHash" : "f04ed48a81482149eca4fcd0ad41b0e9c5742e66fe593366d308ce58bd378805",
  "pins" : [
    {
      "identity" : "keyboardshortcuts",
      "kind" : "remoteSourceControl",
      "location" : "https://github.com/sindresorhus/KeyboardShortcuts",
      "state" : {
        "revision" : "ac302e21da5883f4bd0490cbd0cb710b08740500",
        "version" : "1.15.0"
      }
    }
  ],
  "version" : 3
}
